// !$*UTF8*$!
{
	archiveVersion = 1;
	classes = {
	};
	objectVersion = 56;
	objects = {

/* Begin PBXBuildFile section */
		A30E667C2AD7F09100E3B92A /* TestResultView.swift in Sources */ = {isa = PBXBuildFile; fileRef = A30E667B2AD7F09100E3B92A /* TestResultView.swift */; };
		A316D49C2AD6CFFD00C4A20F /* RectangleCard.swift in Sources */ = {isa = PBXBuildFile; fileRef = A316D49B2AD6CFFD00C4A20F /* RectangleCard.swift */; };
		A316D49E2AD6E9B500C4A20F /* TestView.swift in Sources */ = {isa = PBXBuildFile; fileRef = A316D49D2AD6E9B500C4A20F /* TestView.swift */; };
		A386798D2AD54C4800C37B28 /* LearningApp.swift in Sources */ = {isa = PBXBuildFile; fileRef = A386798C2AD54C4800C37B28 /* LearningApp.swift */; };
		A386798F2AD54C4800C37B28 /* HomeView.swift in Sources */ = {isa = PBXBuildFile; fileRef = A386798E2AD54C4800C37B28 /* HomeView.swift */; };
		A38679912AD54C4B00C37B28 /* Assets.xcassets in Resources */ = {isa = PBXBuildFile; fileRef = A38679902AD54C4B00C37B28 /* Assets.xcassets */; };
		A38679942AD54C4B00C37B28 /* Preview Assets.xcassets in Resources */ = {isa = PBXBuildFile; fileRef = A38679932AD54C4B00C37B28 /* Preview Assets.xcassets */; };
		A38679A02AD5516200C37B28 /* ContentModel.swift in Sources */ = {isa = PBXBuildFile; fileRef = A386799F2AD5516200C37B28 /* ContentModel.swift */; };
		A38679A32AD5528800C37B28 /* style.html in Resources */ = {isa = PBXBuildFile; fileRef = A38679A12AD5528800C37B28 /* style.html */; };
		A38679A42AD5528800C37B28 /* data.json in Resources */ = {isa = PBXBuildFile; fileRef = A38679A22AD5528800C37B28 /* data.json */; };
		A38679A62AD5532600C37B28 /* Model.swift in Sources */ = {isa = PBXBuildFile; fileRef = A38679A52AD5532600C37B28 /* Model.swift */; };
		A38679A82AD559D600C37B28 /* HomeViewRow.swift in Sources */ = {isa = PBXBuildFile; fileRef = A38679A72AD559D600C37B28 /* HomeViewRow.swift */; };
		A38679AA2AD5631B00C37B28 /* ContentView.swift in Sources */ = {isa = PBXBuildFile; fileRef = A38679A92AD5631B00C37B28 /* ContentView.swift */; };
		A38679AC2AD5686E00C37B28 /* ContentViewRow.swift in Sources */ = {isa = PBXBuildFile; fileRef = A38679AB2AD5686E00C37B28 /* ContentViewRow.swift */; };
		A38679AE2AD56D4B00C37B28 /* ContentDetailView.swift in Sources */ = {isa = PBXBuildFile; fileRef = A38679AD2AD56D4B00C37B28 /* ContentDetailView.swift */; };
		A38679B12AD56EEF00C37B28 /* AVKit.framework in Frameworks */ = {isa = PBXBuildFile; fileRef = A38679B02AD56EEF00C37B28 /* AVKit.framework */; };
		A38679B32AD56FCE00C37B28 /* Constants.swift in Sources */ = {isa = PBXBuildFile; fileRef = A38679B22AD56FCE00C37B28 /* Constants.swift */; };
		A38679B52AD5C9F200C37B28 /* CodeTextView.swift in Sources */ = {isa = PBXBuildFile; fileRef = A38679B42AD5C9F200C37B28 /* CodeTextView.swift */; };
/* End PBXBuildFile section */

/* Begin PBXFileReference section */
		A30E667B2AD7F09100E3B92A /* TestResultView.swift */ = {isa = PBXFileReference; lastKnownFileType = sourcecode.swift; path = TestResultView.swift; sourceTree = "<group>"; };
		A316D49B2AD6CFFD00C4A20F /* RectangleCard.swift */ = {isa = PBXFileReference; lastKnownFileType = sourcecode.swift; path = RectangleCard.swift; sourceTree = "<group>"; };
		A316D49D2AD6E9B500C4A20F /* TestView.swift */ = {isa = PBXFileReference; lastKnownFileType = sourcecode.swift; path = TestView.swift; sourceTree = "<group>"; };
		A38679892AD54C4800C37B28 /* Learning-app.app */ = {isa = PBXFileReference; explicitFileType = wrapper.application; includeInIndex = 0; path = "Learning-app.app"; sourceTree = BUILT_PRODUCTS_DIR; };
		A386798C2AD54C4800C37B28 /* LearningApp.swift */ = {isa = PBXFileReference; lastKnownFileType = sourcecode.swift; path = LearningApp.swift; sourceTree = "<group>"; };
		A386798E2AD54C4800C37B28 /* HomeView.swift */ = {isa = PBXFileReference; lastKnownFileType = sourcecode.swift; path = HomeView.swift; sourceTree = "<group>"; };
		A38679902AD54C4B00C37B28 /* Assets.xcassets */ = {isa = PBXFileReference; lastKnownFileType = folder.assetcatalog; path = Assets.xcassets; sourceTree = "<group>"; };
		A38679932AD54C4B00C37B28 /* Preview Assets.xcassets */ = {isa = PBXFileReference; lastKnownFileType = folder.assetcatalog; path = "Preview Assets.xcassets"; sourceTree = "<group>"; };
		A386799F2AD5516200C37B28 /* ContentModel.swift */ = {isa = PBXFileReference; lastKnownFileType = sourcecode.swift; path = ContentModel.swift; sourceTree = "<group>"; };
		A38679A12AD5528800C37B28 /* style.html */ = {isa = PBXFileReference; fileEncoding = 4; lastKnownFileType = text.html; path = style.html; sourceTree = "<group>"; };
		A38679A22AD5528800C37B28 /* data.json */ = {isa = PBXFileReference; fileEncoding = 4; lastKnownFileType = text.json; path = data.json; sourceTree = "<group>"; };
		A38679A52AD5532600C37B28 /* Model.swift */ = {isa = PBXFileReference; lastKnownFileType = sourcecode.swift; path = Model.swift; sourceTree = "<group>"; };
		A38679A72AD559D600C37B28 /* HomeViewRow.swift */ = {isa = PBXFileReference; lastKnownFileType = sourcecode.swift; path = HomeViewRow.swift; sourceTree = "<group>"; };
		A38679A92AD5631B00C37B28 /* ContentView.swift */ = {isa = PBXFileReference; lastKnownFileType = sourcecode.swift; path = ContentView.swift; sourceTree = "<group>"; };
		A38679AB2AD5686E00C37B28 /* ContentViewRow.swift */ = {isa = PBXFileReference; lastKnownFileType = sourcecode.swift; path = ContentViewRow.swift; sourceTree = "<group>"; };
		A38679AD2AD56D4B00C37B28 /* ContentDetailView.swift */ = {isa = PBXFileReference; lastKnownFileType = sourcecode.swift; path = ContentDetailView.swift; sourceTree = "<group>"; };
		A38679B02AD56EEF00C37B28 /* AVKit.framework */ = {isa = PBXFileReference; lastKnownFileType = wrapper.framework; name = AVKit.framework; path = System/Library/Frameworks/AVKit.framework; sourceTree = SDKROOT; };
		A38679B22AD56FCE00C37B28 /* Constants.swift */ = {isa = PBXFileReference; lastKnownFileType = sourcecode.swift; path = Constants.swift; sourceTree = "<group>"; };
		A38679B42AD5C9F200C37B28 /* CodeTextView.swift */ = {isa = PBXFileReference; lastKnownFileType = sourcecode.swift; path = CodeTextView.swift; sourceTree = "<group>"; };
/* End PBXFileReference section */

/* Begin PBXFrameworksBuildPhase section */
		A38679862AD54C4800C37B28 /* Frameworks */ = {
			isa = PBXFrameworksBuildPhase;
			buildActionMask = 2147483647;
			files = (
				A38679B12AD56EEF00C37B28 /* AVKit.framework in Frameworks */,
			);
			runOnlyForDeploymentPostprocessing = 0;
		};
/* End PBXFrameworksBuildPhase section */

/* Begin PBXGroup section */
		A38679802AD54C4800C37B28 = {
			isa = PBXGroup;
			children = (
				A386798B2AD54C4800C37B28 /* Learning-app */,
				A386798A2AD54C4800C37B28 /* Products */,
				A38679AF2AD56EEE00C37B28 /* Frameworks */,
			);
			sourceTree = "<group>";
		};
		A386798A2AD54C4800C37B28 /* Products */ = {
			isa = PBXGroup;
			children = (
				A38679892AD54C4800C37B28 /* Learning-app.app */,
			);
			name = Products;
			sourceTree = "<group>";
		};
		A386798B2AD54C4800C37B28 /* Learning-app */ = {
			isa = PBXGroup;
			children = (
				A386798C2AD54C4800C37B28 /* LearningApp.swift */,
				A386799A2AD54DD800C37B28 /* Views */,
				A386799B2AD54DDF00C37B28 /* ViewModels */,
				A386799C2AD54DEB00C37B28 /* Models */,
				A386799D2AD54DF400C37B28 /* Resources */,
				A386799E2AD54E0600C37B28 /* Helpers */,
				A38679902AD54C4B00C37B28 /* Assets.xcassets */,
				A38679922AD54C4B00C37B28 /* Preview Content */,
			);
			path = "Learning-app";
			sourceTree = "<group>";
		};
		A38679922AD54C4B00C37B28 /* Preview Content */ = {
			isa = PBXGroup;
			children = (
				A38679932AD54C4B00C37B28 /* Preview Assets.xcassets */,
			);
			path = "Preview Content";
			sourceTree = "<group>";
		};
		A386799A2AD54DD800C37B28 /* Views */ = {
			isa = PBXGroup;
			children = (
				A38679B42AD5C9F200C37B28 /* CodeTextView.swift */,
				A386798E2AD54C4800C37B28 /* HomeView.swift */,
				A38679A72AD559D600C37B28 /* HomeViewRow.swift */,
				A38679A92AD5631B00C37B28 /* ContentView.swift */,
				A38679AB2AD5686E00C37B28 /* ContentViewRow.swift */,
				A38679AD2AD56D4B00C37B28 /* ContentDetailView.swift */,
				A316D49B2AD6CFFD00C4A20F /* RectangleCard.swift */,
				A316D49D2AD6E9B500C4A20F /* TestView.swift */,
				A30E667B2AD7F09100E3B92A /* TestResultView.swift */,
			);
			path = Views;
			sourceTree = "<group>";
		};
		A386799B2AD54DDF00C37B28 /* ViewModels */ = {
			isa = PBXGroup;
			children = (
				A386799F2AD5516200C37B28 /* ContentModel.swift */,
			);
			path = ViewModels;
			sourceTree = "<group>";
		};
		A386799C2AD54DEB00C37B28 /* Models */ = {
			isa = PBXGroup;
			children = (
				A38679A52AD5532600C37B28 /* Model.swift */,
			);
			path = Models;
			sourceTree = "<group>";
		};
		A386799D2AD54DF400C37B28 /* Resources */ = {
			isa = PBXGroup;
			children = (
				A38679A22AD5528800C37B28 /* data.json */,
				A38679A12AD5528800C37B28 /* style.html */,
				A38679B22AD56FCE00C37B28 /* Constants.swift */,
			);
			path = Resources;
			sourceTree = "<group>";
		};
		A386799E2AD54E0600C37B28 /* Helpers */ = {
			isa = PBXGroup;
			children = (
			);
			path = Helpers;
			sourceTree = "<group>";
		};
		A38679AF2AD56EEE00C37B28 /* Frameworks */ = {
			isa = PBXGroup;
			children = (
				A38679B02AD56EEF00C37B28 /* AVKit.framework */,
			);
			name = Frameworks;
			sourceTree = "<group>";
		};
/* End PBXGroup section */

/* Begin PBXNativeTarget section */
		A38679882AD54C4800C37B28 /* Learning-app */ = {
			isa = PBXNativeTarget;
			buildConfigurationList = A38679972AD54C4B00C37B28 /* Build configuration list for PBXNativeTarget "Learning-app" */;
			buildPhases = (
				A38679852AD54C4800C37B28 /* Sources */,
				A38679862AD54C4800C37B28 /* Frameworks */,
				A38679872AD54C4800C37B28 /* Resources */,
			);
			buildRules = (
			);
			dependencies = (
			);
			name = "Learning-app";
			productName = "Learning-app";
			productReference = A38679892AD54C4800C37B28 /* Learning-app.app */;
			productType = "com.apple.product-type.application";
		};
/* End PBXNativeTarget section */

/* Begin PBXProject section */
		A38679812AD54C4800C37B28 /* Project object */ = {
			isa = PBXProject;
			attributes = {
				BuildIndependentTargetsInParallel = 1;
				LastSwiftUpdateCheck = 1430;
				LastUpgradeCheck = 1430;
				TargetAttributes = {
					A38679882AD54C4800C37B28 = {
						CreatedOnToolsVersion = 14.3.1;
					};
				};
			};
			buildConfigurationList = A38679842AD54C4800C37B28 /* Build configuration list for PBXProject "Learning-app" */;
			compatibilityVersion = "Xcode 14.0";
			developmentRegion = en;
			hasScannedForEncodings = 0;
			knownRegions = (
				en,
				Base,
			);
			mainGroup = A38679802AD54C4800C37B28;
			productRefGroup = A386798A2AD54C4800C37B28 /* Products */;
			projectDirPath = "";
			projectRoot = "";
			targets = (
				A38679882AD54C4800C37B28 /* Learning-app */,
			);
		};
/* End PBXProject section */

/* Begin PBXResourcesBuildPhase section */
		A38679872AD54C4800C37B28 /* Resources */ = {
			isa = PBXResourcesBuildPhase;
			buildActionMask = 2147483647;
			files = (
				A38679A32AD5528800C37B28 /* style.html in Resources */,
				A38679942AD54C4B00C37B28 /* Preview Assets.xcassets in Resources */,
				A38679912AD54C4B00C37B28 /* Assets.xcassets in Resources */,
				A38679A42AD5528800C37B28 /* data.json in Resources */,
			);
			runOnlyForDeploymentPostprocessing = 0;
		};
/* End PBXResourcesBuildPhase section */

/* Begin PBXSourcesBuildPhase section */
		A38679852AD54C4800C37B28 /* Sources */ = {
			isa = PBXSourcesBuildPhase;
			buildActionMask = 2147483647;
			files = (
				A316D49E2AD6E9B500C4A20F /* TestView.swift in Sources */,
				A30E667C2AD7F09100E3B92A /* TestResultView.swift in Sources */,
				A386798F2AD54C4800C37B28 /* HomeView.swift in Sources */,
				A38679A82AD559D600C37B28 /* HomeViewRow.swift in Sources */,
				A38679AA2AD5631B00C37B28 /* ContentView.swift in Sources */,
				A38679AE2AD56D4B00C37B28 /* ContentDetailView.swift in Sources */,
				A386798D2AD54C4800C37B28 /* LearningApp.swift in Sources */,
				A38679AC2AD5686E00C37B28 /* ContentViewRow.swift in Sources */,
				A38679B52AD5C9F200C37B28 /* CodeTextView.swift in Sources */,
				A38679A02AD5516200C37B28 /* ContentModel.swift in Sources */,
				A38679A62AD5532600C37B28 /* Model.swift in Sources */,
				A316D49C2AD6CFFD00C4A20F /* RectangleCard.swift in Sources */,
				A38679B32AD56FCE00C37B28 /* Constants.swift in Sources */,
			);
			runOnlyForDeploymentPostprocessing = 0;
		};
/* End PBXSourcesBuildPhase section */

/* Begin XCBuildConfiguration section */
		A38679952AD54C4B00C37B28 /* Debug */ = {
			isa = XCBuildConfiguration;
			buildSettings = {
				ALWAYS_SEARCH_USER_PATHS = NO;
				CLANG_ANALYZER_NONNULL = YES;
				CLANG_ANALYZER_NUMBER_OBJECT_CONVERSION = YES_AGGRESSIVE;
				CLANG_CXX_LANGUAGE_STANDARD = "gnu++20";
				CLANG_ENABLE_MODULES = YES;
				CLANG_ENABLE_OBJC_ARC = YES;
				CLANG_ENABLE_OBJC_WEAK = YES;
				CLANG_WARN_BLOCK_CAPTURE_AUTORELEASING = YES;
				CLANG_WARN_BOOL_CONVERSION = YES;
				CLANG_WARN_COMMA = YES;
				CLANG_WARN_CONSTANT_CONVERSION = YES;
				CLANG_WARN_DEPRECATED_OBJC_IMPLEMENTATIONS = YES;
				CLANG_WARN_DIRECT_OBJC_ISA_USAGE = YES_ERROR;
				CLANG_WARN_DOCUMENTATION_COMMENTS = YES;
				CLANG_WARN_EMPTY_BODY = YES;
				CLANG_WARN_ENUM_CONVERSION = YES;
				CLANG_WARN_INFINITE_RECURSION = YES;
				CLANG_WARN_INT_CONVERSION = YES;
				CLANG_WARN_NON_LITERAL_NULL_CONVERSION = YES;
				CLANG_WARN_OBJC_IMPLICIT_RETAIN_SELF = YES;
				CLANG_WARN_OBJC_LITERAL_CONVERSION = YES;
				CLANG_WARN_OBJC_ROOT_CLASS = YES_ERROR;
				CLANG_WARN_QUOTED_INCLUDE_IN_FRAMEWORK_HEADER = YES;
				CLANG_WARN_RANGE_LOOP_ANALYSIS = YES;
				CLANG_WARN_STRICT_PROTOTYPES = YES;
				CLANG_WARN_SUSPICIOUS_MOVE = YES;
				CLANG_WARN_UNGUARDED_AVAILABILITY = YES_AGGRESSIVE;
				CLANG_WARN_UNREACHABLE_CODE = YES;
				CLANG_WARN__DUPLICATE_METHOD_MATCH = YES;
				COPY_PHASE_STRIP = NO;
				DEBUG_INFORMATION_FORMAT = dwarf;
				ENABLE_STRICT_OBJC_MSGSEND = YES;
				ENABLE_TESTABILITY = YES;
				GCC_C_LANGUAGE_STANDARD = gnu11;
				GCC_DYNAMIC_NO_PIC = NO;
				GCC_NO_COMMON_BLOCKS = YES;
				GCC_OPTIMIZATION_LEVEL = 0;
				GCC_PREPROCESSOR_DEFINITIONS = (
					"DEBUG=1",
					"$(inherited)",
				);
				GCC_WARN_64_TO_32_BIT_CONVERSION = YES;
				GCC_WARN_ABOUT_RETURN_TYPE = YES_ERROR;
				GCC_WARN_UNDECLARED_SELECTOR = YES;
				GCC_WARN_UNINITIALIZED_AUTOS = YES_AGGRESSIVE;
				GCC_WARN_UNUSED_FUNCTION = YES;
				GCC_WARN_UNUSED_VARIABLE = YES;
				IPHONEOS_DEPLOYMENT_TARGET = 16.4;
				MTL_ENABLE_DEBUG_INFO = INCLUDE_SOURCE;
				MTL_FAST_MATH = YES;
				ONLY_ACTIVE_ARCH = YES;
				SDKROOT = iphoneos;
				SWIFT_ACTIVE_COMPILATION_CONDITIONS = DEBUG;
				SWIFT_OPTIMIZATION_LEVEL = "-Onone";
			};
			name = Debug;
		};
		A38679962AD54C4B00C37B28 /* Release */ = {
			isa = XCBuildConfiguration;
			buildSettings = {
				ALWAYS_SEARCH_USER_PATHS = NO;
				CLANG_ANALYZER_NONNULL = YES;
				CLANG_ANALYZER_NUMBER_OBJECT_CONVERSION = YES_AGGRESSIVE;
				CLANG_CXX_LANGUAGE_STANDARD = "gnu++20";
				CLANG_ENABLE_MODULES = YES;
				CLANG_ENABLE_OBJC_ARC = YES;
				CLANG_ENABLE_OBJC_WEAK = YES;
				CLANG_WARN_BLOCK_CAPTURE_AUTORELEASING = YES;
				CLANG_WARN_BOOL_CONVERSION = YES;
				CLANG_WARN_COMMA = YES;
				CLANG_WARN_CONSTANT_CONVERSION = YES;
				CLANG_WARN_DEPRECATED_OBJC_IMPLEMENTATIONS = YES;
				CLANG_WARN_DIRECT_OBJC_ISA_USAGE = YES_ERROR;
				CLANG_WARN_DOCUMENTATION_COMMENTS = YES;
				CLANG_WARN_EMPTY_BODY = YES;
				CLANG_WARN_ENUM_CONVERSION = YES;
				CLANG_WARN_INFINITE_RECURSION = YES;
				CLANG_WARN_INT_CONVERSION = YES;
				CLANG_WARN_NON_LITERAL_NULL_CONVERSION = YES;
				CLANG_WARN_OBJC_IMPLICIT_RETAIN_SELF = YES;
				CLANG_WARN_OBJC_LITERAL_CONVERSION = YES;
				CLANG_WARN_OBJC_ROOT_CLASS = YES_ERROR;
				CLANG_WARN_QUOTED_INCLUDE_IN_FRAMEWORK_HEADER = YES;
				CLANG_WARN_RANGE_LOOP_ANALYSIS = YES;
				CLANG_WARN_STRICT_PROTOTYPES = YES;
				CLANG_WARN_SUSPICIOUS_MOVE = YES;
				CLANG_WARN_UNGUARDED_AVAILABILITY = YES_AGGRESSIVE;
				CLANG_WARN_UNREACHABLE_CODE = YES;
				CLANG_WARN__DUPLICATE_METHOD_MATCH = YES;
				COPY_PHASE_STRIP = NO;
				DEBUG_INFORMATION_FORMAT = "dwarf-with-dsym";
				ENABLE_NS_ASSERTIONS = NO;
				ENABLE_STRICT_OBJC_MSGSEND = YES;
				GCC_C_LANGUAGE_STANDARD = gnu11;
				GCC_NO_COMMON_BLOCKS = YES;
				GCC_WARN_64_TO_32_BIT_CONVERSION = YES;
				GCC_WARN_ABOUT_RETURN_TYPE = YES_ERROR;
				GCC_WARN_UNDECLARED_SELECTOR = YES;
				GCC_WARN_UNINITIALIZED_AUTOS = YES_AGGRESSIVE;
				GCC_WARN_UNUSED_FUNCTION = YES;
				GCC_WARN_UNUSED_VARIABLE = YES;
				IPHONEOS_DEPLOYMENT_TARGET = 16.4;
				MTL_ENABLE_DEBUG_INFO = NO;
				MTL_FAST_MATH = YES;
				SDKROOT = iphoneos;
				SWIFT_COMPILATION_MODE = wholemodule;
				SWIFT_OPTIMIZATION_LEVEL = "-O";
				VALIDATE_PRODUCT = YES;
			};
			name = Release;
		};
		A38679982AD54C4B00C37B28 /* Debug */ = {
			isa = XCBuildConfiguration;
			buildSettings = {
				ASSETCATALOG_COMPILER_APPICON_NAME = AppIcon;
				ASSETCATALOG_COMPILER_GLOBAL_ACCENT_COLOR_NAME = AccentColor;
				CODE_SIGN_STYLE = Automatic;
				CURRENT_PROJECT_VERSION = 1;
				DEVELOPMENT_ASSET_PATHS = "\"Learning-app/Preview Content\"";
				DEVELOPMENT_TEAM = 33KG33NLFD;
				ENABLE_PREVIEWS = YES;
				GENERATE_INFOPLIST_FILE = YES;
				INFOPLIST_KEY_UIApplicationSceneManifest_Generation = YES;
				INFOPLIST_KEY_UIApplicationSupportsIndirectInputEvents = YES;
				INFOPLIST_KEY_UILaunchScreen_Generation = YES;
				INFOPLIST_KEY_UISupportedInterfaceOrientations_iPad = "UIInterfaceOrientationPortrait UIInterfaceOrientationPortraitUpsideDown UIInterfaceOrientationLandscapeLeft UIInterfaceOrientationLandscapeRight";
				INFOPLIST_KEY_UISupportedInterfaceOrientations_iPhone = "UIInterfaceOrientationPortrait UIInterfaceOrientationLandscapeLeft UIInterfaceOrientationLandscapeRight";
				LD_RUNPATH_SEARCH_PATHS = (
					"$(inherited)",
					"@executable_path/Frameworks",
				);
				MARKETING_VERSION = 1.0;
				PRODUCT_BUNDLE_IDENTIFIER = "com.tayamirai.Learning-app";
				PRODUCT_NAME = "$(TARGET_NAME)";
				SWIFT_EMIT_LOC_STRINGS = YES;
				SWIFT_VERSION = 5.0;
				TARGETED_DEVICE_FAMILY = "1,2";
			};
			name = Debug;
		};
		A38679992AD54C4B00C37B28 /* Release */ = {
			isa = XCBuildConfiguration;
			buildSettings = {
				ASSETCATALOG_COMPILER_APPICON_NAME = AppIcon;
				ASSETCATALOG_COMPILER_GLOBAL_ACCENT_COLOR_NAME = AccentColor;
				CODE_SIGN_STYLE = Automatic;
				CURRENT_PROJECT_VERSION = 1;
				DEVELOPMENT_ASSET_PATHS = "\"Learning-app/Preview Content\"";
				DEVELOPMENT_TEAM = 33KG33NLFD;
				ENABLE_PREVIEWS = YES;
				GENERATE_INFOPLIST_FILE = YES;
				INFOPLIST_KEY_UIApplicationSceneManifest_Generation = YES;
				INFOPLIST_KEY_UIApplicationSupportsIndirectInputEvents = YES;
				INFOPLIST_KEY_UILaunchScreen_Generation = YES;
				INFOPLIST_KEY_UISupportedInterfaceOrientations_iPad = "UIInterfaceOrientationPortrait UIInterfaceOrientationPortraitUpsideDown UIInterfaceOrientationLandscapeLeft UIInterfaceOrientationLandscapeRight";
				INFOPLIST_KEY_UISupportedInterfaceOrientations_iPhone = "UIInterfaceOrientationPortrait UIInterfaceOrientationLandscapeLeft UIInterfaceOrientationLandscapeRight";
				LD_RUNPATH_SEARCH_PATHS = (
					"$(inherited)",
					"@executable_path/Frameworks",
				);
				MARKETING_VERSION = 1.0;
				PRODUCT_BUNDLE_IDENTIFIER = "com.tayamirai.Learning-app";
				PRODUCT_NAME = "$(TARGET_NAME)";
				SWIFT_EMIT_LOC_STRINGS = YES;
				SWIFT_VERSION = 5.0;
				TARGETED_DEVICE_FAMILY = "1,2";
			};
			name = Release;
		};
/* End XCBuildConfiguration section */

/* Begin XCConfigurationList section */
		A38679842AD54C4800C37B28 /* Build configuration list for PBXProject "Learning-app" */ = {
			isa = XCConfigurationList;
			buildConfigurations = (
				A38679952AD54C4B00C37B28 /* Debug */,
				A38679962AD54C4B00C37B28 /* Release */,
			);
			defaultConfigurationIsVisible = 0;
			defaultConfigurationName = Release;
		};
		A38679972AD54C4B00C37B28 /* Build configuration list for PBXNativeTarget "Learning-app" */ = {
			isa = XCConfigurationList;
			buildConfigurations = (
				A38679982AD54C4B00C37B28 /* Debug */,
				A38679992AD54C4B00C37B28 /* Release */,
			);
			defaultConfigurationIsVisible = 0;
			defaultConfigurationName = Release;
		};
/* End XCConfigurationList section */
	};
	rootObject = A38679812AD54C4800C37B28 /* Project object */;
}
